
Microsoft Visual Studio Solution File, Format Version 12.00
# Visual Studio Version 16
VisualStudioVersion = 16.0.30204.135
MinimumVisualStudioVersion = 10.0.40219.1
Project("{FAE04EC0-301F-11D3-BF4B-00C04F79EFBC}") = "ScriptEditor", "ScriptEditor\ScriptEditor.csproj", "{DA795957-4788-4BD4-8F4A-16BF77B507C4}"
EndProject
Global
	GlobalSection(SolutionConfigurationPlatforms) = preSolution
		Debug|Any CPU = Debug|Any CPU
		Release|Any CPU = Release|Any CPU
	EndGlobalSection
	GlobalSection(ProjectConfigurationPlatforms) = postSolution
		{DA795957-4788-4BD4-8F4A-16BF77B507C4}.Debug|Any CPU.ActiveCfg = Debug|Any CPU
		{DA795957-4788-4BD4-8F4A-16BF77B507C4}.Debug|Any CPU.Build.0 = Debug|Any CPU
		{DA795957-4788-4BD4-8F4A-16BF77B507C4}.Release|Any CPU.ActiveCfg = Release|Any CPU
		{DA795957-4788-4BD4-8F4A-16BF77B507C4}.Release|Any CPU.Build.0 = Release|Any CPU
	EndGlobalSection
	GlobalSection(SolutionProperties) = preSolution
		HideSolutionNode = FALSE
	EndGlobalSection
	GlobalSection(ExtensibilityGlobals) = postSolution
		SolutionGuid = {3B4B773C-8687-4450-AB07-A10FF845BBE5}
	EndGlobalSection
EndGlobal
